// !$*UTF8*$!
{
	archiveVersion = 1;
	classes = {
	};
	objectVersion = 51;
	objects = {

/* Begin PBXBuildFile section */
		322D98FA251A9615004F7397 /* AppDelegate.swift in Sources */ = {isa = PBXBuildFile; fileRef = 322D98F9251A9615004F7397 /* AppDelegate.swift */; };
		322D98FC251A9615004F7397 /* SceneDelegate.swift in Sources */ = {isa = PBXBuildFile; fileRef = 322D98FB251A9615004F7397 /* SceneDelegate.swift */; };
		322D9901251A9615004F7397 /* Main.storyboard in Resources */ = {isa = PBXBuildFile; fileRef = 322D98FF251A9615004F7397 /* Main.storyboard */; };
		322D9903251A9619004F7397 /* Assets.xcassets in Resources */ = {isa = PBXBuildFile; fileRef = 322D9902251A9619004F7397 /* Assets.xcassets */; };
		322D9906251A9619004F7397 /* LaunchScreen.storyboard in Resources */ = {isa = PBXBuildFile; fileRef = 322D9904251A9619004F7397 /* LaunchScreen.storyboard */; };
		322D9911251A961A004F7397 /* FlixTests.swift in Sources */ = {isa = PBXBuildFile; fileRef = 322D9910251A961A004F7397 /* FlixTests.swift */; };
		322D991C251A961A004F7397 /* FlixUITests.swift in Sources */ = {isa = PBXBuildFile; fileRef = 322D991B251A961A004F7397 /* FlixUITests.swift */; };
		322D9930251A9836004F7397 /* MoviesViewController.swift in Sources */ = {isa = PBXBuildFile; fileRef = 322D992F251A9836004F7397 /* MoviesViewController.swift */; };
		322D9935251AD6A7004F7397 /* MovieCell.swift in Sources */ = {isa = PBXBuildFile; fileRef = 322D9934251AD6A6004F7397 /* MovieCell.swift */; };
		324A70662523B18F002522FB /* MovieDetailsViewController.swift in Sources */ = {isa = PBXBuildFile; fileRef = 324A70652523B18F002522FB /* MovieDetailsViewController.swift */; };
		324A706B2523C8FC002522FB /* MovieGridViewController.swift in Sources */ = {isa = PBXBuildFile; fileRef = 324A706A2523C8FC002522FB /* MovieGridViewController.swift */; };
		324A70782523CEB6002522FB /* MovieGridCell.swift in Sources */ = {isa = PBXBuildFile; fileRef = 324A70772523CEB6002522FB /* MovieGridCell.swift */; };
		74E409B5E2C907C160FFDA71 /* Pods_Flix_FlixUITests.framework in Frameworks */ = {isa = PBXBuildFile; fileRef = B6253D5CCC874DC897A488BB /* Pods_Flix_FlixUITests.framework */; };
		AD8DF3C5F837306982A94FBC /* Pods_FlixTests.framework in Frameworks */ = {isa = PBXBuildFile; fileRef = 12BCA4D37C821A56C2E5524F /* Pods_FlixTests.framework */; };
		FC4ADB062DBC72907750A49D /* Pods_Flix.framework in Frameworks */ = {isa = PBXBuildFile; fileRef = DE3A59E64A25E53FDF42B4F8 /* Pods_Flix.framework */; };
/* End PBXBuildFile section */

/* Begin PBXContainerItemProxy section */
		322D990D251A961A004F7397 /* PBXContainerItemProxy */ = {
			isa = PBXContainerItemProxy;
			containerPortal = 322D98EE251A9615004F7397 /* Project object */;
			proxyType = 1;
			remoteGlobalIDString = 322D98F5251A9615004F7397;
			remoteInfo = Flix;
		};
		322D9918251A961A004F7397 /* PBXContainerItemProxy */ = {
			isa = PBXContainerItemProxy;
			containerPortal = 322D98EE251A9615004F7397 /* Project object */;
			proxyType = 1;
			remoteGlobalIDString = 322D98F5251A9615004F7397;
			remoteInfo = Flix;
		};
/* End PBXContainerItemProxy section */

/* Begin PBXFileReference section */
		12BCA4D37C821A56C2E5524F /* Pods_FlixTests.framework */ = {isa = PBXFileReference; explicitFileType = wrapper.framework; includeInIndex = 0; path = Pods_FlixTests.framework; sourceTree = BUILT_PRODUCTS_DIR; };
		2EDD42AD81E2B8F7C35FC705 /* Pods-FlixTests.release.xcconfig */ = {isa = PBXFileReference; includeInIndex = 1; lastKnownFileType = text.xcconfig; name = "Pods-FlixTests.release.xcconfig"; path = "Target Support Files/Pods-FlixTests/Pods-FlixTests.release.xcconfig"; sourceTree = "<group>"; };
		304676DC9D56BDFD73812169 /* Pods-Flix-FlixUITests.release.xcconfig */ = {isa = PBXFileReference; includeInIndex = 1; lastKnownFileType = text.xcconfig; name = "Pods-Flix-FlixUITests.release.xcconfig"; path = "Target Support Files/Pods-Flix-FlixUITests/Pods-Flix-FlixUITests.release.xcconfig"; sourceTree = "<group>"; };
		322D98F6251A9615004F7397 /* Flix.app */ = {isa = PBXFileReference; explicitFileType = wrapper.application; includeInIndex = 0; path = Flix.app; sourceTree = BUILT_PRODUCTS_DIR; };
		322D98F9251A9615004F7397 /* AppDelegate.swift */ = {isa = PBXFileReference; lastKnownFileType = sourcecode.swift; path = AppDelegate.swift; sourceTree = "<group>"; };
		322D98FB251A9615004F7397 /* SceneDelegate.swift */ = {isa = PBXFileReference; lastKnownFileType = sourcecode.swift; path = SceneDelegate.swift; sourceTree = "<group>"; };
		322D9900251A9615004F7397 /* Base */ = {isa = PBXFileReference; lastKnownFileType = file.storyboard; name = Base; path = Base.lproj/Main.storyboard; sourceTree = "<group>"; };
		322D9902251A9619004F7397 /* Assets.xcassets */ = {isa = PBXFileReference; lastKnownFileType = folder.assetcatalog; path = Assets.xcassets; sourceTree = "<group>"; };
		322D9905251A9619004F7397 /* Base */ = {isa = PBXFileReference; lastKnownFileType = file.storyboard; name = Base; path = Base.lproj/LaunchScreen.storyboard; sourceTree = "<group>"; };
		322D9907251A9619004F7397 /* Info.plist */ = {isa = PBXFileReference; lastKnownFileType = text.plist.xml; path = Info.plist; sourceTree = "<group>"; };
		322D990C251A961A004F7397 /* FlixTests.xctest */ = {isa = PBXFileReference; explicitFileType = wrapper.cfbundle; includeInIndex = 0; path = FlixTests.xctest; sourceTree = BUILT_PRODUCTS_DIR; };
		322D9910251A961A004F7397 /* FlixTests.swift */ = {isa = PBXFileReference; lastKnownFileType = sourcecode.swift; path = FlixTests.swift; sourceTree = "<group>"; };
		322D9912251A961A004F7397 /* Info.plist */ = {isa = PBXFileReference; lastKnownFileType = text.plist.xml; path = Info.plist; sourceTree = "<group>"; };
		322D9917251A961A004F7397 /* FlixUITests.xctest */ = {isa = PBXFileReference; explicitFileType = wrapper.cfbundle; includeInIndex = 0; path = FlixUITests.xctest; sourceTree = BUILT_PRODUCTS_DIR; };
		322D991B251A961A004F7397 /* FlixUITests.swift */ = {isa = PBXFileReference; lastKnownFileType = sourcecode.swift; path = FlixUITests.swift; sourceTree = "<group>"; };
		322D991D251A961A004F7397 /* Info.plist */ = {isa = PBXFileReference; lastKnownFileType = text.plist.xml; path = Info.plist; sourceTree = "<group>"; };
		322D992F251A9836004F7397 /* MoviesViewController.swift */ = {isa = PBXFileReference; lastKnownFileType = sourcecode.swift; path = MoviesViewController.swift; sourceTree = "<group>"; };
		322D9934251AD6A6004F7397 /* MovieCell.swift */ = {isa = PBXFileReference; lastKnownFileType = sourcecode.swift; path = MovieCell.swift; sourceTree = "<group>"; };
		324A70652523B18F002522FB /* MovieDetailsViewController.swift */ = {isa = PBXFileReference; lastKnownFileType = sourcecode.swift; path = MovieDetailsViewController.swift; sourceTree = "<group>"; };
		324A706A2523C8FC002522FB /* MovieGridViewController.swift */ = {isa = PBXFileReference; lastKnownFileType = sourcecode.swift; path = MovieGridViewController.swift; sourceTree = "<group>"; };
		324A70772523CEB6002522FB /* MovieGridCell.swift */ = {isa = PBXFileReference; lastKnownFileType = sourcecode.swift; path = MovieGridCell.swift; sourceTree = "<group>"; };
		455349836AE043D2E9CA6C09 /* Pods-Flix-FlixUITests.debug.xcconfig */ = {isa = PBXFileReference; includeInIndex = 1; lastKnownFileType = text.xcconfig; name = "Pods-Flix-FlixUITests.debug.xcconfig"; path = "Target Support Files/Pods-Flix-FlixUITests/Pods-Flix-FlixUITests.debug.xcconfig"; sourceTree = "<group>"; };
		5AB5476794ABA6A025B48D28 /* Pods-Flix.debug.xcconfig */ = {isa = PBXFileReference; includeInIndex = 1; lastKnownFileType = text.xcconfig; name = "Pods-Flix.debug.xcconfig"; path = "Target Support Files/Pods-Flix/Pods-Flix.debug.xcconfig"; sourceTree = "<group>"; };
		98041A3D153D8B329BD92A74 /* Pods-FlixTests.debug.xcconfig */ = {isa = PBXFileReference; includeInIndex = 1; lastKnownFileType = text.xcconfig; name = "Pods-FlixTests.debug.xcconfig"; path = "Target Support Files/Pods-FlixTests/Pods-FlixTests.debug.xcconfig"; sourceTree = "<group>"; };
		B6253D5CCC874DC897A488BB /* Pods_Flix_FlixUITests.framework */ = {isa = PBXFileReference; explicitFileType = wrapper.framework; includeInIndex = 0; path = Pods_Flix_FlixUITests.framework; sourceTree = BUILT_PRODUCTS_DIR; };
		DE3A59E64A25E53FDF42B4F8 /* Pods_Flix.framework */ = {isa = PBXFileReference; explicitFileType = wrapper.framework; includeInIndex = 0; path = Pods_Flix.framework; sourceTree = BUILT_PRODUCTS_DIR; };
		F31E2A09C6A77E84C9D2B5E2 /* Pods-Flix.release.xcconfig */ = {isa = PBXFileReference; includeInIndex = 1; lastKnownFileType = text.xcconfig; name = "Pods-Flix.release.xcconfig"; path = "Target Support Files/Pods-Flix/Pods-Flix.release.xcconfig"; sourceTree = "<group>"; };
/* End PBXFileReference section */

/* Begin PBXFrameworksBuildPhase section */
		322D98F3251A9615004F7397 /* Frameworks */ = {
			isa = PBXFrameworksBuildPhase;
			buildActionMask = 2147483647;
			files = (
				FC4ADB062DBC72907750A49D /* Pods_Flix.framework in Frameworks */,
			);
			runOnlyForDeploymentPostprocessing = 0;
		};
		322D9909251A961A004F7397 /* Frameworks */ = {
			isa = PBXFrameworksBuildPhase;
			buildActionMask = 2147483647;
			files = (
				AD8DF3C5F837306982A94FBC /* Pods_FlixTests.framework in Frameworks */,
			);
			runOnlyForDeploymentPostprocessing = 0;
		};
		322D9914251A961A004F7397 /* Frameworks */ = {
			isa = PBXFrameworksBuildPhase;
			buildActionMask = 2147483647;
			files = (
				74E409B5E2C907C160FFDA71 /* Pods_Flix_FlixUITests.framework in Frameworks */,
			);
			runOnlyForDeploymentPostprocessing = 0;
		};
/* End PBXFrameworksBuildPhase section */

/* Begin PBXGroup section */
		21EC3CF44DCE497B97052D25 /* Pods */ = {
			isa = PBXGroup;
			children = (
				5AB5476794ABA6A025B48D28 /* Pods-Flix.debug.xcconfig */,
				F31E2A09C6A77E84C9D2B5E2 /* Pods-Flix.release.xcconfig */,
				455349836AE043D2E9CA6C09 /* Pods-Flix-FlixUITests.debug.xcconfig */,
				304676DC9D56BDFD73812169 /* Pods-Flix-FlixUITests.release.xcconfig */,
				98041A3D153D8B329BD92A74 /* Pods-FlixTests.debug.xcconfig */,
				2EDD42AD81E2B8F7C35FC705 /* Pods-FlixTests.release.xcconfig */,
			);
			path = Pods;
			sourceTree = "<group>";
		};
		322D98ED251A9615004F7397 = {
			isa = PBXGroup;
			children = (
				322D98F8251A9615004F7397 /* Flix */,
				322D990F251A961A004F7397 /* FlixTests */,
				322D991A251A961A004F7397 /* FlixUITests */,
				322D98F7251A9615004F7397 /* Products */,
				21EC3CF44DCE497B97052D25 /* Pods */,
				3351D242240A78BA35D35D32 /* Frameworks */,
			);
			sourceTree = "<group>";
		};
		322D98F7251A9615004F7397 /* Products */ = {
			isa = PBXGroup;
			children = (
				322D98F6251A9615004F7397 /* Flix.app */,
				322D990C251A961A004F7397 /* FlixTests.xctest */,
				322D9917251A961A004F7397 /* FlixUITests.xctest */,
			);
			name = Products;
			sourceTree = "<group>";
		};
		322D98F8251A9615004F7397 /* Flix */ = {
			isa = PBXGroup;
			children = (
				322D98F9251A9615004F7397 /* AppDelegate.swift */,
				322D98FB251A9615004F7397 /* SceneDelegate.swift */,
				322D98FF251A9615004F7397 /* Main.storyboard */,
				324A706A2523C8FC002522FB /* MovieGridViewController.swift */,
				324A70772523CEB6002522FB /* MovieGridCell.swift */,
				324A70652523B18F002522FB /* MovieDetailsViewController.swift */,
				322D9934251AD6A6004F7397 /* MovieCell.swift */,
				322D992F251A9836004F7397 /* MoviesViewController.swift */,
				322D9902251A9619004F7397 /* Assets.xcassets */,
				322D9904251A9619004F7397 /* LaunchScreen.storyboard */,
				322D9907251A9619004F7397 /* Info.plist */,
			);
			path = Flix;
			sourceTree = "<group>";
		};
		322D990F251A961A004F7397 /* FlixTests */ = {
			isa = PBXGroup;
			children = (
				322D9910251A961A004F7397 /* FlixTests.swift */,
				322D9912251A961A004F7397 /* Info.plist */,
			);
			path = FlixTests;
			sourceTree = "<group>";
		};
		322D991A251A961A004F7397 /* FlixUITests */ = {
			isa = PBXGroup;
			children = (
				322D991B251A961A004F7397 /* FlixUITests.swift */,
				322D991D251A961A004F7397 /* Info.plist */,
			);
			path = FlixUITests;
			sourceTree = "<group>";
		};
		3351D242240A78BA35D35D32 /* Frameworks */ = {
			isa = PBXGroup;
			children = (
				DE3A59E64A25E53FDF42B4F8 /* Pods_Flix.framework */,
				B6253D5CCC874DC897A488BB /* Pods_Flix_FlixUITests.framework */,
				12BCA4D37C821A56C2E5524F /* Pods_FlixTests.framework */,
			);
			name = Frameworks;
			sourceTree = "<group>";
		};
/* End PBXGroup section */

/* Begin PBXNativeTarget section */
		322D98F5251A9615004F7397 /* Flix */ = {
			isa = PBXNativeTarget;
			buildConfigurationList = 322D9920251A961A004F7397 /* Build configuration list for PBXNativeTarget "Flix" */;
			buildPhases = (
				534048676D19D18974A73656 /* [CP] Check Pods Manifest.lock */,
				322D98F2251A9615004F7397 /* Sources */,
				322D98F3251A9615004F7397 /* Frameworks */,
				322D98F4251A9615004F7397 /* Resources */,
				DCA4D60DA491F0BEB68C7C0C /* [CP] Embed Pods Frameworks */,
			);
			buildRules = (
			);
			dependencies = (
			);
			name = Flix;
			productName = Flix;
			productReference = 322D98F6251A9615004F7397 /* Flix.app */;
			productType = "com.apple.product-type.application";
		};
		322D990B251A961A004F7397 /* FlixTests */ = {
			isa = PBXNativeTarget;
			buildConfigurationList = 322D9923251A961A004F7397 /* Build configuration list for PBXNativeTarget "FlixTests" */;
			buildPhases = (
				F36841C56BEF6AE6BDA5C51A /* [CP] Check Pods Manifest.lock */,
				322D9908251A961A004F7397 /* Sources */,
				322D9909251A961A004F7397 /* Frameworks */,
				322D990A251A961A004F7397 /* Resources */,
			);
			buildRules = (
			);
			dependencies = (
				322D990E251A961A004F7397 /* PBXTargetDependency */,
			);
			name = FlixTests;
			productName = FlixTests;
			productReference = 322D990C251A961A004F7397 /* FlixTests.xctest */;
			productType = "com.apple.product-type.bundle.unit-test";
		};
		322D9916251A961A004F7397 /* FlixUITests */ = {
			isa = PBXNativeTarget;
			buildConfigurationList = 322D9926251A961A004F7397 /* Build configuration list for PBXNativeTarget "FlixUITests" */;
			buildPhases = (
				FCA87CFA63F2B6C11582A22E /* [CP] Check Pods Manifest.lock */,
				322D9913251A961A004F7397 /* Sources */,
				322D9914251A961A004F7397 /* Frameworks */,
				322D9915251A961A004F7397 /* Resources */,
				D505A8A77619AECFD1DC76D4 /* [CP] Embed Pods Frameworks */,
			);
			buildRules = (
			);
			dependencies = (
				322D9919251A961A004F7397 /* PBXTargetDependency */,
			);
			name = FlixUITests;
			productName = FlixUITests;
			productReference = 322D9917251A961A004F7397 /* FlixUITests.xctest */;
			productType = "com.apple.product-type.bundle.ui-testing";
		};
/* End PBXNativeTarget section */

/* Begin PBXProject section */
		322D98EE251A9615004F7397 /* Project object */ = {
			isa = PBXProject;
			attributes = {
				LastSwiftUpdateCheck = 1200;
				LastUpgradeCheck = 1200;
				TargetAttributes = {
					322D98F5251A9615004F7397 = {
						CreatedOnToolsVersion = 12.0;
					};
					322D990B251A961A004F7397 = {
						CreatedOnToolsVersion = 12.0;
						TestTargetID = 322D98F5251A9615004F7397;
					};
					322D9916251A961A004F7397 = {
						CreatedOnToolsVersion = 12.0;
						TestTargetID = 322D98F5251A9615004F7397;
					};
				};
			};
			buildConfigurationList = 322D98F1251A9615004F7397 /* Build configuration list for PBXProject "Flix" */;
			compatibilityVersion = "Xcode 9.3";
			developmentRegion = en;
			hasScannedForEncodings = 0;
			knownRegions = (
				en,
				Base,
			);
			mainGroup = 322D98ED251A9615004F7397;
			productRefGroup = 322D98F7251A9615004F7397 /* Products */;
			projectDirPath = "";
			projectRoot = "";
			targets = (
				322D98F5251A9615004F7397 /* Flix */,
				322D990B251A961A004F7397 /* FlixTests */,
				322D9916251A961A004F7397 /* FlixUITests */,
			);
		};
/* End PBXProject section */

/* Begin PBXResourcesBuildPhase section */
		322D98F4251A9615004F7397 /* Resources */ = {
			isa = PBXResourcesBuildPhase;
			buildActionMask = 2147483647;
			files = (
				322D9906251A9619004F7397 /* LaunchScreen.storyboard in Resources */,
				322D9903251A9619004F7397 /* Assets.xcassets in Resources */,
				322D9901251A9615004F7397 /* Main.storyboard in Resources */,
			);
			runOnlyForDeploymentPostprocessing = 0;
		};
		322D990A251A961A004F7397 /* Resources */ = {
			isa = PBXResourcesBuildPhase;
			buildActionMask = 2147483647;
			files = (
			);
			runOnlyForDeploymentPostprocessing = 0;
		};
		322D9915251A961A004F7397 /* Resources */ = {
			isa = PBXResourcesBuildPhase;
			buildActionMask = 2147483647;
			files = (
			);
			runOnlyForDeploymentPostprocessing = 0;
		};
/* End PBXResourcesBuildPhase section */

/* Begin PBXShellScriptBuildPhase section */
		534048676D19D18974A73656 /* [CP] Check Pods Manifest.lock */ = {
			isa = PBXShellScriptBuildPhase;
			buildActionMask = 2147483647;
			files = (
			);
			inputFileListPaths = (
			);
			inputPaths = (
				"${PODS_PODFILE_DIR_PATH}/Podfile.lock",
				"${PODS_ROOT}/Manifest.lock",
			);
			name = "[CP] Check Pods Manifest.lock";
			outputFileListPaths = (
			);
			outputPaths = (
				"$(DERIVED_FILE_DIR)/Pods-Flix-checkManifestLockResult.txt",
			);
			runOnlyForDeploymentPostprocessing = 0;
			shellPath = /bin/sh;
			shellScript = "diff \"${PODS_PODFILE_DIR_PATH}/Podfile.lock\" \"${PODS_ROOT}/Manifest.lock\" > /dev/null\nif [ $? != 0 ] ; then\n    # print error to STDERR\n    echo \"error: The sandbox is not in sync with the Podfile.lock. Run 'pod install' or update your CocoaPods installation.\" >&2\n    exit 1\nfi\n# This output is used by Xcode 'outputs' to avoid re-running this script phase.\necho \"SUCCESS\" > \"${SCRIPT_OUTPUT_FILE_0}\"\n";
			showEnvVarsInLog = 0;
		};
		D505A8A77619AECFD1DC76D4 /* [CP] Embed Pods Frameworks */ = {
			isa = PBXShellScriptBuildPhase;
			buildActionMask = 2147483647;
			files = (
			);
			inputFileListPaths = (
				"${PODS_ROOT}/Target Support Files/Pods-Flix-FlixUITests/Pods-Flix-FlixUITests-frameworks-${CONFIGURATION}-input-files.xcfilelist",
			);
			name = "[CP] Embed Pods Frameworks";
			outputFileListPaths = (
				"${PODS_ROOT}/Target Support Files/Pods-Flix-FlixUITests/Pods-Flix-FlixUITests-frameworks-${CONFIGURATION}-output-files.xcfilelist",
			);
			runOnlyForDeploymentPostprocessing = 0;
			shellPath = /bin/sh;
			shellScript = "\"${PODS_ROOT}/Target Support Files/Pods-Flix-FlixUITests/Pods-Flix-FlixUITests-frameworks.sh\"\n";
			showEnvVarsInLog = 0;
		};
		DCA4D60DA491F0BEB68C7C0C /* [CP] Embed Pods Frameworks */ = {
			isa = PBXShellScriptBuildPhase;
			buildActionMask = 2147483647;
			files = (
			);
			inputFileListPaths = (
				"${PODS_ROOT}/Target Support Files/Pods-Flix/Pods-Flix-frameworks-${CONFIGURATION}-input-files.xcfilelist",
			);
			name = "[CP] Embed Pods Frameworks";
			outputFileListPaths = (
				"${PODS_ROOT}/Target Support Files/Pods-Flix/Pods-Flix-frameworks-${CONFIGURATION}-output-files.xcfilelist",
			);
			runOnlyForDeploymentPostprocessing = 0;
			shellPath = /bin/sh;
			shellScript = "\"${PODS_ROOT}/Target Support Files/Pods-Flix/Pods-Flix-frameworks.sh\"\n";
			showEnvVarsInLog = 0;
		};
		F36841C56BEF6AE6BDA5C51A /* [CP] Check Pods Manifest.lock */ = {
			isa = PBXShellScriptBuildPhase;
			buildActionMask = 2147483647;
			files = (
			);
			inputFileListPaths = (
			);
			inputPaths = (
				"${PODS_PODFILE_DIR_PATH}/Podfile.lock",
				"${PODS_ROOT}/Manifest.lock",
			);
			name = "[CP] Check Pods Manifest.lock";
			outputFileListPaths = (
			);
			outputPaths = (
				"$(DERIVED_FILE_DIR)/Pods-FlixTests-checkManifestLockResult.txt",
			);
			runOnlyForDeploymentPostprocessing = 0;
			shellPath = /bin/sh;
			shellScript = "diff \"${PODS_PODFILE_DIR_PATH}/Podfile.lock\" \"${PODS_ROOT}/Manifest.lock\" > /dev/null\nif [ $? != 0 ] ; then\n    # print error to STDERR\n    echo \"error: The sandbox is not in sync with the Podfile.lock. Run 'pod install' or update your CocoaPods installation.\" >&2\n    exit 1\nfi\n# This output is used by Xcode 'outputs' to avoid re-running this script phase.\necho \"SUCCESS\" > \"${SCRIPT_OUTPUT_FILE_0}\"\n";
			showEnvVarsInLog = 0;
		};
		FCA87CFA63F2B6C11582A22E /* [CP] Check Pods Manifest.lock */ = {
			isa = PBXShellScriptBuildPhase;
			buildActionMask = 2147483647;
			files = (
			);
			inputFileListPaths = (
			);
			inputPaths = (
				"${PODS_PODFILE_DIR_PATH}/Podfile.lock",
				"${PODS_ROOT}/Manifest.lock",
			);
			name = "[CP] Check Pods Manifest.lock";
			outputFileListPaths = (
			);
			outputPaths = (
				"$(DERIVED_FILE_DIR)/Pods-Flix-FlixUITests-checkManifestLockResult.txt",
			);
			runOnlyForDeploymentPostprocessing = 0;
			shellPath = /bin/sh;
			shellScript = "diff \"${PODS_PODFILE_DIR_PATH}/Podfile.lock\" \"${PODS_ROOT}/Manifest.lock\" > /dev/null\nif [ $? != 0 ] ; then\n    # print error to STDERR\n    echo \"error: The sandbox is not in sync with the Podfile.lock. Run 'pod install' or update your CocoaPods installation.\" >&2\n    exit 1\nfi\n# This output is used by Xcode 'outputs' to avoid re-running this script phase.\necho \"SUCCESS\" > \"${SCRIPT_OUTPUT_FILE_0}\"\n";
			showEnvVarsInLog = 0;
		};
/* End PBXShellScriptBuildPhase section */

/* Begin PBXSourcesBuildPhase section */
		322D98F2251A9615004F7397 /* Sources */ = {
			isa = PBXSourcesBuildPhase;
			buildActionMask = 2147483647;
			files = (
				324A70662523B18F002522FB /* MovieDetailsViewController.swift in Sources */,
				322D98FA251A9615004F7397 /* AppDelegate.swift in Sources */,
				322D98FC251A9615004F7397 /* SceneDelegate.swift in Sources */,
				322D9935251AD6A7004F7397 /* MovieCell.swift in Sources */,
				322D9930251A9836004F7397 /* MoviesViewController.swift in Sources */,
				324A706B2523C8FC002522FB /* MovieGridViewController.swift in Sources */,
				324A70782523CEB6002522FB /* MovieGridCell.swift in Sources */,
			);
			runOnlyForDeploymentPostprocessing = 0;
		};
		322D9908251A961A004F7397 /* Sources */ = {
			isa = PBXSourcesBuildPhase;
			buildActionMask = 2147483647;
			files = (
				322D9911251A961A004F7397 /* FlixTests.swift in Sources */,
			);
			runOnlyForDeploymentPostprocessing = 0;
		};
		322D9913251A961A004F7397 /* Sources */ = {
			isa = PBXSourcesBuildPhase;
			buildActionMask = 2147483647;
			files = (
				322D991C251A961A004F7397 /* FlixUITests.swift in Sources */,
			);
			runOnlyForDeploymentPostprocessing = 0;
		};
/* End PBXSourcesBuildPhase section */

/* Begin PBXTargetDependency section */
		322D990E251A961A004F7397 /* PBXTargetDependency */ = {
			isa = PBXTargetDependency;
			target = 322D98F5251A9615004F7397 /* Flix */;
			targetProxy = 322D990D251A961A004F7397 /* PBXContainerItemProxy */;
		};
		322D9919251A961A004F7397 /* PBXTargetDependency */ = {
			isa = PBXTargetDependency;
			target = 322D98F5251A9615004F7397 /* Flix */;
			targetProxy = 322D9918251A961A004F7397 /* PBXContainerItemProxy */;
		};
/* End PBXTargetDependency section */

/* Begin PBXVariantGroup section */
		322D98FF251A9615004F7397 /* Main.storyboard */ = {
			isa = PBXVariantGroup;
			children = (
				322D9900251A9615004F7397 /* Base */,
			);
			name = Main.storyboard;
			sourceTree = "<group>";
		};
		322D9904251A9619004F7397 /* LaunchScreen.storyboard */ = {
			isa = PBXVariantGroup;
			children = (
				322D9905251A9619004F7397 /* Base */,
			);
			name = LaunchScreen.storyboard;
			sourceTree = "<group>";
		};
/* End PBXVariantGroup section */

/* Begin XCBuildConfiguration section */
		322D991E251A961A004F7397 /* Debug */ = {
			isa = XCBuildConfiguration;
			buildSettings = {
				ALWAYS_SEARCH_USER_PATHS = NO;
				CLANG_ANALYZER_NONNULL = YES;
				CLANG_ANALYZER_NUMBER_OBJECT_CONVERSION = YES_AGGRESSIVE;
				CLANG_CXX_LANGUAGE_STANDARD = "gnu++14";
				CLANG_CXX_LIBRARY = "libc++";
				CLANG_ENABLE_MODULES = YES;
				CLANG_ENABLE_OBJC_ARC = YES;
				CLANG_ENABLE_OBJC_WEAK = YES;
				CLANG_WARN_BLOCK_CAPTURE_AUTORELEASING = YES;
				CLANG_WARN_BOOL_CONVERSION = YES;
				CLANG_WARN_COMMA = YES;
				CLANG_WARN_CONSTANT_CONVERSION = YES;
				CLANG_WARN_DEPRECATED_OBJC_IMPLEMENTATIONS = YES;
				CLANG_WARN_DIRECT_OBJC_ISA_USAGE = YES_ERROR;
				CLANG_WARN_DOCUMENTATION_COMMENTS = YES;
				CLANG_WARN_EMPTY_BODY = YES;
				CLANG_WARN_ENUM_CONVERSION = YES;
				CLANG_WARN_INFINITE_RECURSION = YES;
				CLANG_WARN_INT_CONVERSION = YES;
				CLANG_WARN_NON_LITERAL_NULL_CONVERSION = YES;
				CLANG_WARN_OBJC_IMPLICIT_RETAIN_SELF = YES;
				CLANG_WARN_OBJC_LITERAL_CONVERSION = YES;
				CLANG_WARN_OBJC_ROOT_CLASS = YES_ERROR;
				CLANG_WARN_QUOTED_INCLUDE_IN_FRAMEWORK_HEADER = YES;
				CLANG_WARN_RANGE_LOOP_ANALYSIS = YES;
				CLANG_WARN_STRICT_PROTOTYPES = YES;
				CLANG_WARN_SUSPICIOUS_MOVE = YES;
				CLANG_WARN_UNGUARDED_AVAILABILITY = YES_AGGRESSIVE;
				CLANG_WARN_UNREACHABLE_CODE = YES;
				CLANG_WARN__DUPLICATE_METHOD_MATCH = YES;
				COPY_PHASE_STRIP = NO;
				DEBUG_INFORMATION_FORMAT = dwarf;
				ENABLE_STRICT_OBJC_MSGSEND = YES;
				ENABLE_TESTABILITY = YES;
				GCC_C_LANGUAGE_STANDARD = gnu11;
				GCC_DYNAMIC_NO_PIC = NO;
				GCC_NO_COMMON_BLOCKS = YES;
				GCC_OPTIMIZATION_LEVEL = 0;
				GCC_PREPROCESSOR_DEFINITIONS = (
					"DEBUG=1",
					"$(inherited)",
				);
				GCC_WARN_64_TO_32_BIT_CONVERSION = YES;
				GCC_WARN_ABOUT_RETURN_TYPE = YES_ERROR;
				GCC_WARN_UNDECLARED_SELECTOR = YES;
				GCC_WARN_UNINITIALIZED_AUTOS = YES_AGGRESSIVE;
				GCC_WARN_UNUSED_FUNCTION = YES;
				GCC_WARN_UNUSED_VARIABLE = YES;
				IPHONEOS_DEPLOYMENT_TARGET = 14.0;
				MTL_ENABLE_DEBUG_INFO = INCLUDE_SOURCE;
				MTL_FAST_MATH = YES;
				ONLY_ACTIVE_ARCH = YES;
				SDKROOT = iphoneos;
				SWIFT_ACTIVE_COMPILATION_CONDITIONS = DEBUG;
				SWIFT_OPTIMIZATION_LEVEL = "-Onone";
			};
			name = Debug;
		};
		322D991F251A961A004F7397 /* Release */ = {
			isa = XCBuildConfiguration;
			buildSettings = {
				ALWAYS_SEARCH_USER_PATHS = NO;
				CLANG_ANALYZER_NONNULL = YES;
				CLANG_ANALYZER_NUMBER_OBJECT_CONVERSION = YES_AGGRESSIVE;
				CLANG_CXX_LANGUAGE_STANDARD = "gnu++14";
				CLANG_CXX_LIBRARY = "libc++";
				CLANG_ENABLE_MODULES = YES;
				CLANG_ENABLE_OBJC_ARC = YES;
				CLANG_ENABLE_OBJC_WEAK = YES;
				CLANG_WARN_BLOCK_CAPTURE_AUTORELEASING = YES;
				CLANG_WARN_BOOL_CONVERSION = YES;
				CLANG_WARN_COMMA = YES;
				CLANG_WARN_CONSTANT_CONVERSION = YES;
				CLANG_WARN_DEPRECATED_OBJC_IMPLEMENTATIONS = YES;
				CLANG_WARN_DIRECT_OBJC_ISA_USAGE = YES_ERROR;
				CLANG_WARN_DOCUMENTATION_COMMENTS = YES;
				CLANG_WARN_EMPTY_BODY = YES;
				CLANG_WARN_ENUM_CONVERSION = YES;
				CLANG_WARN_INFINITE_RECURSION = YES;
				CLANG_WARN_INT_CONVERSION = YES;
				CLANG_WARN_NON_LITERAL_NULL_CONVERSION = YES;
				CLANG_WARN_OBJC_IMPLICIT_RETAIN_SELF = YES;
				CLANG_WARN_OBJC_LITERAL_CONVERSION = YES;
				CLANG_WARN_OBJC_ROOT_CLASS = YES_ERROR;
				CLANG_WARN_QUOTED_INCLUDE_IN_FRAMEWORK_HEADER = YES;
				CLANG_WARN_RANGE_LOOP_ANALYSIS = YES;
				CLANG_WARN_STRICT_PROTOTYPES = YES;
				CLANG_WARN_SUSPICIOUS_MOVE = YES;
				CLANG_WARN_UNGUARDED_AVAILABILITY = YES_AGGRESSIVE;
				CLANG_WARN_UNREACHABLE_CODE = YES;
				CLANG_WARN__DUPLICATE_METHOD_MATCH = YES;
				COPY_PHASE_STRIP = NO;
				DEBUG_INFORMATION_FORMAT = "dwarf-with-dsym";
				ENABLE_NS_ASSERTIONS = NO;
				ENABLE_STRICT_OBJC_MSGSEND = YES;
				GCC_C_LANGUAGE_STANDARD = gnu11;
				GCC_NO_COMMON_BLOCKS = YES;
				GCC_WARN_64_TO_32_BIT_CONVERSION = YES;
				GCC_WARN_ABOUT_RETURN_TYPE = YES_ERROR;
				GCC_WARN_UNDECLARED_SELECTOR = YES;
				GCC_WARN_UNINITIALIZED_AUTOS = YES_AGGRESSIVE;
				GCC_WARN_UNUSED_FUNCTION = YES;
				GCC_WARN_UNUSED_VARIABLE = YES;
				IPHONEOS_DEPLOYMENT_TARGET = 14.0;
				MTL_ENABLE_DEBUG_INFO = NO;
				MTL_FAST_MATH = YES;
				SDKROOT = iphoneos;
				SWIFT_COMPILATION_MODE = wholemodule;
				SWIFT_OPTIMIZATION_LEVEL = "-O";
				VALIDATE_PRODUCT = YES;
			};
			name = Release;
		};
		322D9921251A961A004F7397 /* Debug */ = {
			isa = XCBuildConfiguration;
			baseConfigurationReference = 5AB5476794ABA6A025B48D28 /* Pods-Flix.debug.xcconfig */;
			buildSettings = {
				ASSETCATALOG_COMPILER_APPICON_NAME = AppIcon;
				ASSETCATALOG_COMPILER_GLOBAL_ACCENT_COLOR_NAME = AccentColor;
				CODE_SIGN_STYLE = Automatic;
				DEVELOPMENT_TEAM = UGJCH58GP5;
				INFOPLIST_FILE = Flix/Info.plist;
				LD_RUNPATH_SEARCH_PATHS = (
					"$(inherited)",
					"@executable_path/Frameworks",
				);
				PRODUCT_BUNDLE_IDENTIFIER = qbercian.Flix;
				PRODUCT_NAME = "$(TARGET_NAME)";
				SWIFT_VERSION = 5.0;
				TARGETED_DEVICE_FAMILY = "1,2";
			};
			name = Debug;
		};
		322D9922251A961A004F7397 /* Release */ = {
			isa = XCBuildConfiguration;
			baseConfigurationReference = F31E2A09C6A77E84C9D2B5E2 /* Pods-Flix.release.xcconfig */;
			buildSettings = {
				ASSETCATALOG_COMPILER_APPICON_NAME = AppIcon;
				ASSETCATALOG_COMPILER_GLOBAL_ACCENT_COLOR_NAME = AccentColor;
				CODE_SIGN_STYLE = Automatic;
				DEVELOPMENT_TEAM = UGJCH58GP5;
				INFOPLIST_FILE = Flix/Info.plist;
				LD_RUNPATH_SEARCH_PATHS = (
					"$(inherited)",
					"@executable_path/Frameworks",
				);
				PRODUCT_BUNDLE_IDENTIFIER = qbercian.Flix;
				PRODUCT_NAME = "$(TARGET_NAME)";
				SWIFT_VERSION = 5.0;
				TARGETED_DEVICE_FAMILY = "1,2";
			};
			name = Release;
		};
		322D9924251A961A004F7397 /* Debug */ = {
			isa = XCBuildConfiguration;
			baseConfigurationReference = 98041A3D153D8B329BD92A74 /* Pods-FlixTests.debug.xcconfig */;
			buildSettings = {
				ALWAYS_EMBED_SWIFT_STANDARD_LIBRARIES = YES;
				BUNDLE_LOADER = "$(TEST_HOST)";
				CODE_SIGN_STYLE = Automatic;
				DEVELOPMENT_TEAM = UGJCH58GP5;
				INFOPLIST_FILE = FlixTests/Info.plist;
				IPHONEOS_DEPLOYMENT_TARGET = 14.0;
				LD_RUNPATH_SEARCH_PATHS = (
					"$(inherited)",
					"@executable_path/Frameworks",
					"@loader_path/Frameworks",
				);
				PRODUCT_BUNDLE_IDENTIFIER = qbercian.FlixTests;
				PRODUCT_NAME = "$(TARGET_NAME)";
				SWIFT_VERSION = 5.0;
				TARGETED_DEVICE_FAMILY = "1,2";
				TEST_HOST = "$(BUILT_PRODUCTS_DIR)/Flix.app/Flix";
			};
			name = Debug;
		};
		322D9925251A961A004F7397 /* Release */ = {
			isa = XCBuildConfiguration;
			baseConfigurationReference = 2EDD42AD81E2B8F7C35FC705 /* Pods-FlixTests.release.xcconfig */;
			buildSettings = {
				ALWAYS_EMBED_SWIFT_STANDARD_LIBRARIES = YES;
				BUNDLE_LOADER = "$(TEST_HOST)";
				CODE_SIGN_STYLE = Automatic;
				DEVELOPMENT_TEAM = UGJCH58GP5;
				INFOPLIST_FILE = FlixTests/Info.plist;
				IPHONEOS_DEPLOYMENT_TARGET = 14.0;
				LD_RUNPATH_SEARCH_PATHS = (
					"$(inherited)",
					"@executable_path/Frameworks",
					"@loader_path/Frameworks",
				);
				PRODUCT_BUNDLE_IDENTIFIER = qbercian.FlixTests;
				PRODUCT_NAME = "$(TARGET_NAME)";
				SWIFT_VERSION = 5.0;
				TARGETED_DEVICE_FAMILY = "1,2";
				TEST_HOST = "$(BUILT_PRODUCTS_DIR)/Flix.app/Flix";
			};
			name = Release;
		};
		322D9927251A961A004F7397 /* Debug */ = {
			isa = XCBuildConfiguration;
			baseConfigurationReference = 455349836AE043D2E9CA6C09 /* Pods-Flix-FlixUITests.debug.xcconfig */;
			buildSettings = {
				ALWAYS_EMBED_SWIFT_STANDARD_LIBRARIES = YES;
				CODE_SIGN_STYLE = Automatic;
				DEVELOPMENT_TEAM = UGJCH58GP5;
				INFOPLIST_FILE = FlixUITests/Info.plist;
				LD_RUNPATH_SEARCH_PATHS = (
					"$(inherited)",
					"@executable_path/Frameworks",
					"@loader_path/Frameworks",
				);
				PRODUCT_BUNDLE_IDENTIFIER = qbercian.FlixUITests;
				PRODUCT_NAME = "$(TARGET_NAME)";
				SWIFT_VERSION = 5.0;
				TARGETED_DEVICE_FAMILY = "1,2";
				TEST_TARGET_NAME = Flix;
			};
			name = Debug;
		};
		322D9928251A961A004F7397 /* Release */ = {
			isa = XCBuildConfiguration;
			baseConfigurationReference = 304676DC9D56BDFD73812169 /* Pods-Flix-FlixUITests.release.xcconfig */;
			buildSettings = {
				ALWAYS_EMBED_SWIFT_STANDARD_LIBRARIES = YES;
				CODE_SIGN_STYLE = Automatic;
				DEVELOPMENT_TEAM = UGJCH58GP5;
				INFOPLIST_FILE = FlixUITests/Info.plist;
				LD_RUNPATH_SEARCH_PATHS = (
					"$(inherited)",
					"@executable_path/Frameworks",
					"@loader_path/Frameworks",
				);
				PRODUCT_BUNDLE_IDENTIFIER = qbercian.FlixUITests;
				PRODUCT_NAME = "$(TARGET_NAME)";
				SWIFT_VERSION = 5.0;
				TARGETED_DEVICE_FAMILY = "1,2";
				TEST_TARGET_NAME = Flix;
			};
			name = Release;
		};
/* End XCBuildConfiguration section */

/* Begin XCConfigurationList section */
		322D98F1251A9615004F7397 /* Build configuration list for PBXProject "Flix" */ = {
			isa = XCConfigurationList;
			buildConfigurations = (
				322D991E251A961A004F7397 /* Debug */,
				322D991F251A961A004F7397 /* Release */,
			);
			defaultConfigurationIsVisible = 0;
			defaultConfigurationName = Release;
		};
		322D9920251A961A004F7397 /* Build configuration list for PBXNativeTarget "Flix" */ = {
			isa = XCConfigurationList;
			buildConfigurations = (
				322D9921251A961A004F7397 /* Debug */,
				322D9922251A961A004F7397 /* Release */,
			);
			defaultConfigurationIsVisible = 0;
			defaultConfigurationName = Release;
		};
		322D9923251A961A004F7397 /* Build configuration list for PBXNativeTarget "FlixTests" */ = {
			isa = XCConfigurationList;
			buildConfigurations = (
				322D9924251A961A004F7397 /* Debug */,
				322D9925251A961A004F7397 /* Release */,
			);
			defaultConfigurationIsVisible = 0;
			defaultConfigurationName = Release;
		};
		322D9926251A961A004F7397 /* Build configuration list for PBXNativeTarget "FlixUITests" */ = {
			isa = XCConfigurationList;
			buildConfigurations = (
				322D9927251A961A004F7397 /* Debug */,
				322D9928251A961A004F7397 /* Release */,
			);
			defaultConfigurationIsVisible = 0;
			defaultConfigurationName = Release;
		};
/* End XCConfigurationList section */
	};
	rootObject = 322D98EE251A9615004F7397 /* Project object */;
}
